
Microsoft Visual Studio Solution File, Format Version 12.00
# Visual Studio 15
VisualStudioVersion = 15.0.27004.2005
MinimumVisualStudioVersion = 10.0.40219.1
Project("{9A19103F-16F7-4668-BE54-9A1E7A4F7556}") = "INC.Queue", "INC.Queue\INC.Queue.csproj", "{68BF8BF5-DF88-480D-843E-0C1F44ED1A36}"
EndProject
Project("{FAE04EC0-301F-11D3-BF4B-00C04F79EFBC}") = "INC.Queue.Test", "INC.Queue.Test\INC.Queue.Test.csproj", "{7B87175E-1276-40FC-BE6D-17E3CEAB0E12}"
EndProject
Global
	GlobalSection(SolutionConfigurationPlatforms) = preSolution
		Debug|Any CPU = Debug|Any CPU
		Release|Any CPU = Release|Any CPU
	EndGlobalSection
	GlobalSection(ProjectConfigurationPlatforms) = postSolution
		{68BF8BF5-DF88-480D-843E-0C1F44ED1A36}.Debug|Any CPU.ActiveCfg = Debug|Any CPU
		{68BF8BF5-DF88-480D-843E-0C1F44ED1A36}.Debug|Any CPU.Build.0 = Debug|Any CPU
		{68BF8BF5-DF88-480D-843E-0C1F44ED1A36}.Release|Any CPU.ActiveCfg = Release|Any CPU
		{68BF8BF5-DF88-480D-843E-0C1F44ED1A36}.Release|Any CPU.Build.0 = Release|Any CPU
		{7B87175E-1276-40FC-BE6D-17E3CEAB0E12}.Debug|Any CPU.ActiveCfg = Debug|Any CPU
		{7B87175E-1276-40FC-BE6D-17E3CEAB0E12}.Debug|Any CPU.Build.0 = Debug|Any CPU
		{7B87175E-1276-40FC-BE6D-17E3CEAB0E12}.Release|Any CPU.ActiveCfg = Release|Any CPU
		{7B87175E-1276-40FC-BE6D-17E3CEAB0E12}.Release|Any CPU.Build.0 = Release|Any CPU
	EndGlobalSection
	GlobalSection(SolutionProperties) = preSolution
		HideSolutionNode = FALSE
	EndGlobalSection
	GlobalSection(ExtensibilityGlobals) = postSolution
		SolutionGuid = {9C19A233-9636-4790-B232-2EFB0CD8CDFC}
	EndGlobalSection
EndGlobal
