
Microsoft Visual Studio Solution File, Format Version 12.00
# Visual Studio 15
VisualStudioVersion = 15.0.27004.2005
MinimumVisualStudioVersion = 10.0.40219.1
Project("{9A19103F-16F7-4668-BE54-9A1E7A4F7556}") = "INC.Runtime.Queue.Test", "INC.Queue.Test\INC.Runtime.Queue.Test.csproj", "{7B87175E-1276-40FC-BE6D-17E3CEAB0E12}"
EndProject
Project("{9A19103F-16F7-4668-BE54-9A1E7A4F7556}") = "INC.Runtime.Queue", "INC.Runtime.Queue\INC.Runtime.Queue.csproj", "{17B2C1DD-3344-44D3-AAE3-4F701A4282FD}"
EndProject
Global
	GlobalSection(SolutionConfigurationPlatforms) = preSolution
		Debug|Any CPU = Debug|Any CPU
		Release|Any CPU = Release|Any CPU
	EndGlobalSection
	GlobalSection(ProjectConfigurationPlatforms) = postSolution
		{7B87175E-1276-40FC-BE6D-17E3CEAB0E12}.Debug|Any CPU.ActiveCfg = Debug|Any CPU
		{7B87175E-1276-40FC-BE6D-17E3CEAB0E12}.Debug|Any CPU.Build.0 = Debug|Any CPU
		{7B87175E-1276-40FC-BE6D-17E3CEAB0E12}.Release|Any CPU.ActiveCfg = Release|Any CPU
		{7B87175E-1276-40FC-BE6D-17E3CEAB0E12}.Release|Any CPU.Build.0 = Release|Any CPU
		{17B2C1DD-3344-44D3-AAE3-4F701A4282FD}.Debug|Any CPU.ActiveCfg = Debug|Any CPU
		{17B2C1DD-3344-44D3-AAE3-4F701A4282FD}.Debug|Any CPU.Build.0 = Debug|Any CPU
		{17B2C1DD-3344-44D3-AAE3-4F701A4282FD}.Release|Any CPU.ActiveCfg = Release|Any CPU
		{17B2C1DD-3344-44D3-AAE3-4F701A4282FD}.Release|Any CPU.Build.0 = Release|Any CPU
	EndGlobalSection
	GlobalSection(SolutionProperties) = preSolution
		HideSolutionNode = FALSE
	EndGlobalSection
	GlobalSection(ExtensibilityGlobals) = postSolution
		SolutionGuid = {9C19A233-9636-4790-B232-2EFB0CD8CDFC}
	EndGlobalSection
EndGlobal
